# This file is automatically @generated by Cargo.
# It is not intended for manual editing.
version = 4

[[package]]
name = "contextpatch-cli"
version = "0.1.0"
dependencies = [
 "contextpatch-core",
]

[[package]]
name = "contextpatch-core"
version = "0.1.0"

[[package]]
name = "contextpatch-server"
version = "0.1.0"
dependencies = [
 "contextpatch-core",
]
